
Microsoft Visual Studio Solution File, Format Version 12.00
# Visual Studio Version 17
VisualStudioVersion = 17.4.33213.308
MinimumVisualStudioVersion = 10.0.40219.1
Project("{FAE04EC0-301F-11D3-BF4B-00C04F79EFBC}") = "Users Service", "Users Service.csproj", "{A113B0D5-DD53-45F5-9BC4-956335F72EBB}"
EndProject
Global
	GlobalSection(SolutionConfigurationPlatforms) = preSolution
		Debug|Any CPU = Debug|Any CPU
		Release|Any CPU = Release|Any CPU
	EndGlobalSection
	GlobalSection(ProjectConfigurationPlatforms) = postSolution
		{A113B0D5-DD53-45F5-9BC4-956335F72EBB}.Debug|Any CPU.ActiveCfg = Debug|Any CPU
		{A113B0D5-DD53-45F5-9BC4-956335F72EBB}.Debug|Any CPU.Build.0 = Debug|Any CPU
		{A113B0D5-DD53-45F5-9BC4-956335F72EBB}.Release|Any CPU.ActiveCfg = Release|Any CPU
		{A113B0D5-DD53-45F5-9BC4-956335F72EBB}.Release|Any CPU.Build.0 = Release|Any CPU
	EndGlobalSection
	GlobalSection(SolutionProperties) = preSolution
		HideSolutionNode = FALSE
	EndGlobalSection
	GlobalSection(ExtensibilityGlobals) = postSolution
		SolutionGuid = {FD13E8E9-3B28-4B38-B077-D8B7C83D2C13}
	EndGlobalSection
EndGlobal
